
Microsoft Visual Studio Solution File, Format Version 12.00
# Visual Studio 15
Project("{FAE04EC0-301F-11D3-BF4B-00C04F79EFBC}") = "Assembly-CSharp", "Assembly-CSharp.csproj", "{5922DE4D-DE71-47B4-ADD1-0D168D1898C4}"
EndProject
Project("{FAE04EC0-301F-11D3-BF4B-00C04F79EFBC}") = "Assembly-CSharp-Editor", "Assembly-CSharp-Editor.csproj", "{FEF66700-97CE-9EF2-42C8-97FA356930D6}"
EndProject
Global
	GlobalSection(SolutionConfigurationPlatforms) = preSolution
		Debug|Any CPU = Debug|Any CPU
		Release|Any CPU = Release|Any CPU
	EndGlobalSection
	GlobalSection(ProjectConfigurationPlatforms) = postSolution
		{5922DE4D-DE71-47B4-ADD1-0D168D1898C4}.Debug|Any CPU.ActiveCfg = Debug|Any CPU
		{5922DE4D-DE71-47B4-ADD1-0D168D1898C4}.Debug|Any CPU.Build.0 = Debug|Any CPU
		{5922DE4D-DE71-47B4-ADD1-0D168D1898C4}.Release|Any CPU.ActiveCfg = Release|Any CPU
		{5922DE4D-DE71-47B4-ADD1-0D168D1898C4}.Release|Any CPU.Build.0 = Release|Any CPU
		{FEF66700-97CE-9EF2-42C8-97FA356930D6}.Debug|Any CPU.ActiveCfg = Debug|Any CPU
		{FEF66700-97CE-9EF2-42C8-97FA356930D6}.Debug|Any CPU.Build.0 = Debug|Any CPU
		{FEF66700-97CE-9EF2-42C8-97FA356930D6}.Release|Any CPU.ActiveCfg = Release|Any CPU
		{FEF66700-97CE-9EF2-42C8-97FA356930D6}.Release|Any CPU.Build.0 = Release|Any CPU
	EndGlobalSection
	GlobalSection(SolutionProperties) = preSolution
		HideSolutionNode = FALSE
	EndGlobalSection
EndGlobal
